<?xml version="1.0" encoding="UTF-8" standalone="yes" ?>
<CodeBlocks_project_file>
	<FileVersion major="1" minor="6" />
	<Project>
		<Option title="engine1" />
		<Option pch_mode="2" />
		<Option compiler="gcc" />
		<Build>
			<Target title="default">
				<Option output="engine1" prefix_auto="1" extension_auto="1" />
				<Option type="1" />
				<Option compiler="gcc" />
			</Target>
		</Build>
		<Compiler>
			<Add option="-Wall -O3 -ffast-math" />
		</Compiler>
		<Linker>
			<Add library="glew32s" />
			<Add library="glfw" />
			<Add library="opengl32" />
			<Add library="glu32" />
			<Add library="Newton" />
			<Add library="dJointLibrary" />
		</Linker>
		<Unit filename="AseReader.cpp" />
		<Unit filename="AseReader.h" />
		<Unit filename="Camera.cpp" />
		<Unit filename="Camera.h" />
		<Unit filename="Entity.cpp" />
		<Unit filename="Entity.h" />
		<Unit filename="Error.cpp" />
		<Unit filename="Error.h" />
		<Unit filename="Light.cpp" />
		<Unit filename="Light.h" />
		<Unit filename="Material.cpp" />
		<Unit filename="Material.h" />
		<Unit filename="Math.cpp" />
		<Unit filename="Math.h" />
		<Unit filename="Mesh.cpp" />
		<Unit filename="Mesh.h" />
		<Unit filename="Physics.cpp" />
		<Unit filename="Physics.h" />
		<Unit filename="ResourceManager.cpp" />
		<Unit filename="ResourceManager.h" />
		<Unit filename="SceneHandler.cpp" />
		<Unit filename="SceneHandler.h" />
		<Unit filename="Vector3f.cpp" />
		<Unit filename="Vector3f.h" />
		<Unit filename="dMath\dMathDefines.cpp" />
		<Unit filename="dMath\dMathDefines.h" />
		<Unit filename="dMath\dMatrix.cpp" />
		<Unit filename="dMath\dMatrix.h" />
		<Unit filename="dMath\dQuaternion.cpp" />
		<Unit filename="dMath\dQuaternion.h" />
		<Unit filename="dMath\dStdAfxMath.cpp" />
		<Unit filename="dMath\dStdAfxMath.h" />
		<Unit filename="dMath\dVector.cpp" />
		<Unit filename="dMath\dVector.h" />
		<Unit filename="main.cpp" />
		<Extensions>
			<code_completion />
			<debugger />
		</Extensions>
	</Project>
</CodeBlocks_project_file>
